
Microsoft Visual Studio Solution File, Format Version 12.00
# Visual Studio 15
VisualStudioVersion = 15.0.27703.2035
MinimumVisualStudioVersion = 10.0.40219.1
Project("{FAE04EC0-301F-11D3-BF4B-00C04F79EFBC}") = "TowerLoadCals", "TowerLoadCals\TowerLoadCals.csproj", "{5B59FFC2-9F59-47BE-B370-B1CB0104035A}"
EndProject
Global
	GlobalSection(SolutionConfigurationPlatforms) = preSolution
		Debug|Any CPU = Debug|Any CPU
		Release|Any CPU = Release|Any CPU
	EndGlobalSection
	GlobalSection(ProjectConfigurationPlatforms) = postSolution
		{5B59FFC2-9F59-47BE-B370-B1CB0104035A}.Debug|Any CPU.ActiveCfg = Debug|Any CPU
		{5B59FFC2-9F59-47BE-B370-B1CB0104035A}.Debug|Any CPU.Build.0 = Debug|Any CPU
		{5B59FFC2-9F59-47BE-B370-B1CB0104035A}.Release|Any CPU.ActiveCfg = Release|Any CPU
		{5B59FFC2-9F59-47BE-B370-B1CB0104035A}.Release|Any CPU.Build.0 = Release|Any CPU
	EndGlobalSection
	GlobalSection(SolutionProperties) = preSolution
		HideSolutionNode = FALSE
	EndGlobalSection
	GlobalSection(ExtensibilityGlobals) = postSolution
		SolutionGuid = {2086FB34-6F87-4DEB-B51B-2F8713388104}
	EndGlobalSection
EndGlobal
